Microsoft Visual Studio Solution File, Format Version 12.00
# Visual Studio 2012
Project("{FAE04EC0-301F-11D3-BF4B-00C04F79EFBC}") = "Bullet Controller (GDScript)", "Bullet Controller (GDScript).csproj", "{03C7EB57-89E5-490F-98D8-EACBB8C0863F}"
EndProject
Global
	GlobalSection(SolutionConfigurationPlatforms) = preSolution
	Debug|Any CPU = Debug|Any CPU
	ExportDebug|Any CPU = ExportDebug|Any CPU
	ExportRelease|Any CPU = ExportRelease|Any CPU
	EndGlobalSection
	GlobalSection(ProjectConfigurationPlatforms) = postSolution
		{03C7EB57-89E5-490F-98D8-EACBB8C0863F}.Debug|Any CPU.ActiveCfg = Debug|Any CPU
		{03C7EB57-89E5-490F-98D8-EACBB8C0863F}.Debug|Any CPU.Build.0 = Debug|Any CPU
		{03C7EB57-89E5-490F-98D8-EACBB8C0863F}.ExportDebug|Any CPU.ActiveCfg = ExportDebug|Any CPU
		{03C7EB57-89E5-490F-98D8-EACBB8C0863F}.ExportDebug|Any CPU.Build.0 = ExportDebug|Any CPU
		{03C7EB57-89E5-490F-98D8-EACBB8C0863F}.ExportRelease|Any CPU.ActiveCfg = ExportRelease|Any CPU
		{03C7EB57-89E5-490F-98D8-EACBB8C0863F}.ExportRelease|Any CPU.Build.0 = ExportRelease|Any CPU
	EndGlobalSection
EndGlobal
